lockfileVersion: '9.0'

settings:
  autoInstallPeers: true
  excludeLinksFromLockfile: false

importers:

  .:
    dependencies:
      react:
        specifier: ^19.1.1
        version: 19.3.0
      react-compare-slider:
        specifier: 4.0.0
        version: 4.0.0(react-dom@19.3.0(react@19.3.0))(react@19.3.0)
      react-dom:
        specifier: ^19.1.1
        version: 19.3.0(react@19.3.0)
      yet-another-react-lightbox:
        specifier: 3.32.2
        version: 3.32.2(react-dom@19.3.0(react@19.3.0))(react@19.3.0)

packages:

  react-compare-slider@4.0.0:
    resolution: {integrity: sha512-XNpwfWa8OHvJZIsC+ywhjpRWX8VCY8fIavQ82R63Tever1pQndhicr0ecDuU69GjA+YjesoV7LX3QnKsECtMDw==}
    engines: {node: '>=20.0.0'}
    peerDependencies:
      react: '>=16.8'
      react-dom: '>=16.8'

  react-dom@19.3.0:
    resolution: {integrity: sha512-JDk8dgif51OjFoDE70+OT9ICyYr+69HlmihNwp1+Nsfbna3t5sIiCa9ZJktDmQ4/1b/rn26hIAR2uYXDMr5r0Q==}
    peerDependencies:
      react: ^19.3.0

  react@19.3.0:
    resolution: {integrity: sha512-E8LUcbtBWt20bbl2YoHfx4ZDBdxVTfOKtCZn9cDSJ4l6/nuoApcpIBcj47t2wZoVX8g2ZHuMHbiShgCR1T5Sog==}
    engines: {node: '>=0.10.0'}

  scheduler@0.28.0:
    resolution: {integrity: sha512-juorfCmIkIw8tT+p5BXSm6PJjQF/ycEYmKyzURCIt/RaZIhL+PulbQ9Yu2z1HdOJDdqDTlxA1+xKBmHXJsczAw==}

  yet-another-react-lightbox@3.32.2:
    resolution: {integrity: sha512-F4HtHQfUNpvkj+AmECgWM4XRdCqMY5gXpKgOUx39+T+FyxLe8II4SK/pwMyYj2X54KH9lFSQeHYY1/GfYf3SdA==}
    engines: {node: '>=14'}
    peerDependencies:
      '@types/react': ^16 || ^17 || ^18 || ^19
      '@types/react-dom': ^16 || ^17 || ^18 || ^19
      react: ^16.8.0 || ^17 || ^18 || ^19
      react-dom: ^16.8.0 || ^17 || ^18 || ^19
    peerDependenciesMeta:
      '@types/react':
        optional: true
      '@types/react-dom':
        optional: true

snapshots:

  react-compare-slider@4.0.0(react-dom@19.3.0(react@19.3.0))(react@19.3.0):
    dependencies:
      react: 19.3.0
      react-dom: 19.3.0(react@19.3.0)

  react-dom@19.3.0(react@19.3.0):
    dependencies:
      react: 19.3.0
      scheduler: 0.28.0

  react@19.3.0: {}

  scheduler@0.28.0: {}

  yet-another-react-lightbox@3.32.2(react-dom@19.3.0(react@19.3.0))(react@19.3.0):
    dependencies:
      react: 19.3.0
      react-dom: 19.3.0(react@19.3.0)
